
Microsoft Visual Studio Solution File, Format Version 11.00
# Visual Studio 2010
Project("{FAE04EC0-301F-11D3-BF4B-00C04F79EFBC}") = "DotNetRosa", "DotNetRosa\DotNetRosa.csproj", "{BD1BD706-48A3-47AA-8396-C108C1C7A2B5}"
EndProject
Global
	GlobalSection(SolutionConfigurationPlatforms) = preSolution
		Debug|Any CPU = Debug|Any CPU
		Release|Any CPU = Release|Any CPU
	EndGlobalSection
	GlobalSection(ProjectConfigurationPlatforms) = postSolution
		{BD1BD706-48A3-47AA-8396-C108C1C7A2B5}.Debug|Any CPU.ActiveCfg = Debug|Any CPU
		{BD1BD706-48A3-47AA-8396-C108C1C7A2B5}.Debug|Any CPU.Build.0 = Debug|Any CPU
		{BD1BD706-48A3-47AA-8396-C108C1C7A2B5}.Release|Any CPU.ActiveCfg = Release|Any CPU
		{BD1BD706-48A3-47AA-8396-C108C1C7A2B5}.Release|Any CPU.Build.0 = Release|Any CPU
	EndGlobalSection
	GlobalSection(SolutionProperties) = preSolution
		HideSolutionNode = FALSE
	EndGlobalSection
EndGlobal
